
Microsoft Visual Studio Solution File, Format Version 12.00
# Visual Studio Version 16
VisualStudioVersion = 16.0.808.7
MinimumVisualStudioVersion = 10.0.40219.1
Project("{FAE04EC0-301F-11D3-BF4B-00C04F79EFBC}") = "Issue_13645.Android", "Issue_13645.Android\Issue_13645.Android.csproj", "{DBB5FF14-0483-4184-AF5C-D9747ABAB03B}"
EndProject
Project("{FAE04EC0-301F-11D3-BF4B-00C04F79EFBC}") = "Issue_13645.iOS", "Issue_13645.iOS\Issue_13645.iOS.csproj", "{857C4B34-D1CC-4D45-BE46-B0DE8EF1372C}"
EndProject
Project("{D954291E-2A0B-460D-934E-DC6B0785DB48}") = "Issue_13645", "Issue_13645\Issue_13645.shproj", "{AC6A2D16-BDAA-4FAD-BDFE-8108CD67FBC2}"
EndProject
Global
	GlobalSection(SolutionConfigurationPlatforms) = preSolution
		Debug|Any CPU = Debug|Any CPU
		Release|Any CPU = Release|Any CPU
		Debug|iPhoneSimulator = Debug|iPhoneSimulator
		Release|iPhoneSimulator = Release|iPhoneSimulator
		Debug|iPhone = Debug|iPhone
		Release|iPhone = Release|iPhone
	EndGlobalSection
	GlobalSection(ProjectConfigurationPlatforms) = postSolution
		{DBB5FF14-0483-4184-AF5C-D9747ABAB03B}.Debug|Any CPU.ActiveCfg = Debug|Any CPU
		{DBB5FF14-0483-4184-AF5C-D9747ABAB03B}.Debug|Any CPU.Build.0 = Debug|Any CPU
		{DBB5FF14-0483-4184-AF5C-D9747ABAB03B}.Release|Any CPU.ActiveCfg = Release|Any CPU
		{DBB5FF14-0483-4184-AF5C-D9747ABAB03B}.Release|Any CPU.Build.0 = Release|Any CPU
		{DBB5FF14-0483-4184-AF5C-D9747ABAB03B}.Debug|iPhoneSimulator.ActiveCfg = Debug|Any CPU
		{DBB5FF14-0483-4184-AF5C-D9747ABAB03B}.Debug|iPhoneSimulator.Build.0 = Debug|Any CPU
		{DBB5FF14-0483-4184-AF5C-D9747ABAB03B}.Release|iPhoneSimulator.ActiveCfg = Release|Any CPU
		{DBB5FF14-0483-4184-AF5C-D9747ABAB03B}.Release|iPhoneSimulator.Build.0 = Release|Any CPU
		{DBB5FF14-0483-4184-AF5C-D9747ABAB03B}.Debug|iPhone.ActiveCfg = Debug|Any CPU
		{DBB5FF14-0483-4184-AF5C-D9747ABAB03B}.Debug|iPhone.Build.0 = Debug|Any CPU
		{DBB5FF14-0483-4184-AF5C-D9747ABAB03B}.Release|iPhone.ActiveCfg = Release|Any CPU
		{DBB5FF14-0483-4184-AF5C-D9747ABAB03B}.Release|iPhone.Build.0 = Release|Any CPU
		{857C4B34-D1CC-4D45-BE46-B0DE8EF1372C}.Debug|Any CPU.ActiveCfg = Debug|iPhoneSimulator
		{857C4B34-D1CC-4D45-BE46-B0DE8EF1372C}.Debug|Any CPU.Build.0 = Debug|iPhoneSimulator
		{857C4B34-D1CC-4D45-BE46-B0DE8EF1372C}.Release|Any CPU.ActiveCfg = Release|iPhoneSimulator
		{857C4B34-D1CC-4D45-BE46-B0DE8EF1372C}.Release|Any CPU.Build.0 = Release|iPhoneSimulator
		{857C4B34-D1CC-4D45-BE46-B0DE8EF1372C}.Debug|iPhoneSimulator.ActiveCfg = Debug|iPhoneSimulator
		{857C4B34-D1CC-4D45-BE46-B0DE8EF1372C}.Debug|iPhoneSimulator.Build.0 = Debug|iPhoneSimulator
		{857C4B34-D1CC-4D45-BE46-B0DE8EF1372C}.Release|iPhoneSimulator.ActiveCfg = Release|iPhoneSimulator
		{857C4B34-D1CC-4D45-BE46-B0DE8EF1372C}.Release|iPhoneSimulator.Build.0 = Release|iPhoneSimulator
		{857C4B34-D1CC-4D45-BE46-B0DE8EF1372C}.Debug|iPhone.ActiveCfg = Debug|iPhone
		{857C4B34-D1CC-4D45-BE46-B0DE8EF1372C}.Debug|iPhone.Build.0 = Debug|iPhone
		{857C4B34-D1CC-4D45-BE46-B0DE8EF1372C}.Release|iPhone.ActiveCfg = Release|iPhone
		{857C4B34-D1CC-4D45-BE46-B0DE8EF1372C}.Release|iPhone.Build.0 = Release|iPhone
	EndGlobalSection
	GlobalSection(SolutionProperties) = preSolution
		HideSolutionNode = FALSE
	EndGlobalSection
	GlobalSection(ExtensibilityGlobals) = postSolution
		SolutionGuid = {42507388-96BF-4D45-81CC-E446F9F09C9E}
	EndGlobalSection
EndGlobal
